
Microsoft Visual Studio Solution File, Format Version 12.00
# Visual Studio Version 16
VisualStudioVersion = 16.0.31424.327
MinimumVisualStudioVersion = 10.0.40219.1
Project("{FAE04EC0-301F-11D3-BF4B-00C04F79EFBC}") = "Rapor1_Abstract", "Rapor1_Abstract\Rapor1_Abstract.csproj", "{6E76DB56-0D5D-44C3-841F-933E1BE16419}"
EndProject
Global
	GlobalSection(SolutionConfigurationPlatforms) = preSolution
		Debug|Any CPU = Debug|Any CPU
		Release|Any CPU = Release|Any CPU
	EndGlobalSection
	GlobalSection(ProjectConfigurationPlatforms) = postSolution
		{6E76DB56-0D5D-44C3-841F-933E1BE16419}.Debug|Any CPU.ActiveCfg = Debug|Any CPU
		{6E76DB56-0D5D-44C3-841F-933E1BE16419}.Debug|Any CPU.Build.0 = Debug|Any CPU
		{6E76DB56-0D5D-44C3-841F-933E1BE16419}.Release|Any CPU.ActiveCfg = Release|Any CPU
		{6E76DB56-0D5D-44C3-841F-933E1BE16419}.Release|Any CPU.Build.0 = Release|Any CPU
	EndGlobalSection
	GlobalSection(SolutionProperties) = preSolution
		HideSolutionNode = FALSE
	EndGlobalSection
	GlobalSection(ExtensibilityGlobals) = postSolution
		SolutionGuid = {F59CD078-5CBA-4000-BB18-0A4E1B3C3AE2}
	EndGlobalSection
EndGlobal
